
Microsoft Visual Studio Solution File, Format Version 12.00
# Visual Studio Version 17
VisualStudioVersion = 17.4.32804.182
MinimumVisualStudioVersion = 10.0.40219.1
Project("{FAE04EC0-301F-11D3-BF4B-00C04F79EFBC}") = "Automarket", "Automarket\Automarket.csproj", "{3F139AEF-D2EA-41BA-9D12-713CD23F36C5}"
EndProject
Project("{2150E333-8FDC-42A3-9474-1A3956D46DE8}") = "Domain", "Domain", "{F216265C-0D66-4746-8ADF-82B79383A1E7}"
EndProject
Project("{FAE04EC0-301F-11D3-BF4B-00C04F79EFBC}") = "Automarket.Domain", "Automarket.Domain\Automarket.Domain.csproj", "{18F38445-C89E-47F8-8D55-CCB9BC9100A3}"
EndProject
Project("{2150E333-8FDC-42A3-9474-1A3956D46DE8}") = "DAL", "DAL", "{A9898D4E-E683-43D3-96E3-F2BD01F8F424}"
EndProject
Project("{FAE04EC0-301F-11D3-BF4B-00C04F79EFBC}") = "Automarket.DAL", "Automarket.DAL\Automarket.DAL.csproj", "{B0EFBBA4-C8BA-4858-BE88-A8EC7D537E9D}"
EndProject
Global
	GlobalSection(SolutionConfigurationPlatforms) = preSolution
		Debug|Any CPU = Debug|Any CPU
		Release|Any CPU = Release|Any CPU
	EndGlobalSection
	GlobalSection(ProjectConfigurationPlatforms) = postSolution
		{3F139AEF-D2EA-41BA-9D12-713CD23F36C5}.Debug|Any CPU.ActiveCfg = Debug|Any CPU
		{3F139AEF-D2EA-41BA-9D12-713CD23F36C5}.Debug|Any CPU.Build.0 = Debug|Any CPU
		{3F139AEF-D2EA-41BA-9D12-713CD23F36C5}.Release|Any CPU.ActiveCfg = Release|Any CPU
		{3F139AEF-D2EA-41BA-9D12-713CD23F36C5}.Release|Any CPU.Build.0 = Release|Any CPU
		{18F38445-C89E-47F8-8D55-CCB9BC9100A3}.Debug|Any CPU.ActiveCfg = Debug|Any CPU
		{18F38445-C89E-47F8-8D55-CCB9BC9100A3}.Debug|Any CPU.Build.0 = Debug|Any CPU
		{18F38445-C89E-47F8-8D55-CCB9BC9100A3}.Release|Any CPU.ActiveCfg = Release|Any CPU
		{18F38445-C89E-47F8-8D55-CCB9BC9100A3}.Release|Any CPU.Build.0 = Release|Any CPU
		{B0EFBBA4-C8BA-4858-BE88-A8EC7D537E9D}.Debug|Any CPU.ActiveCfg = Debug|Any CPU
		{B0EFBBA4-C8BA-4858-BE88-A8EC7D537E9D}.Debug|Any CPU.Build.0 = Debug|Any CPU
		{B0EFBBA4-C8BA-4858-BE88-A8EC7D537E9D}.Release|Any CPU.ActiveCfg = Release|Any CPU
		{B0EFBBA4-C8BA-4858-BE88-A8EC7D537E9D}.Release|Any CPU.Build.0 = Release|Any CPU
	EndGlobalSection
	GlobalSection(SolutionProperties) = preSolution
		HideSolutionNode = FALSE
	EndGlobalSection
	GlobalSection(NestedProjects) = preSolution
		{18F38445-C89E-47F8-8D55-CCB9BC9100A3} = {F216265C-0D66-4746-8ADF-82B79383A1E7}
		{B0EFBBA4-C8BA-4858-BE88-A8EC7D537E9D} = {A9898D4E-E683-43D3-96E3-F2BD01F8F424}
	EndGlobalSection
	GlobalSection(ExtensibilityGlobals) = postSolution
		SolutionGuid = {ADE9EE9A-8B87-4050-84F3-F5424FB7CBC5}
	EndGlobalSection
EndGlobal
